// !$*UTF8*$!
{
	archiveVersion = 1;
	classes = {
	};
	objectVersion = 46;
	objects = {

/* Begin PBXBuildFile section */
		7A07601319F3969B009A4E05 /* AppDelegate.swift in Sources */ = {isa = PBXBuildFile; fileRef = 7A07601219F3969B009A4E05 /* AppDelegate.swift */; };
		7A07601619F3969B009A4E05 /* Postcard.xcdatamodeld in Sources */ = {isa = PBXBuildFile; fileRef = 7A07601419F3969B009A4E05 /* Postcard.xcdatamodeld */; };
		7A07601819F3969B009A4E05 /* ViewController.swift in Sources */ = {isa = PBXBuildFile; fileRef = 7A07601719F3969B009A4E05 /* ViewController.swift */; };
		7A07601B19F3969B009A4E05 /* Main.storyboard in Resources */ = {isa = PBXBuildFile; fileRef = 7A07601919F3969B009A4E05 /* Main.storyboard */; };
		7A07601D19F3969B009A4E05 /* Images.xcassets in Resources */ = {isa = PBXBuildFile; fileRef = 7A07601C19F3969B009A4E05 /* Images.xcassets */; };
		7A07602019F3969B009A4E05 /* LaunchScreen.xib in Resources */ = {isa = PBXBuildFile; fileRef = 7A07601E19F3969B009A4E05 /* LaunchScreen.xib */; };
		7A07602C19F3969B009A4E05 /* PostcardTests.swift in Sources */ = {isa = PBXBuildFile; fileRef = 7A07602B19F3969B009A4E05 /* PostcardTests.swift */; };
/* End PBXBuildFile section */

/* Begin PBXContainerItemProxy section */
		7A07602619F3969B009A4E05 /* PBXContainerItemProxy */ = {
			isa = PBXContainerItemProxy;
			containerPortal = 7A07600519F3969B009A4E05 /* Project object */;
			proxyType = 1;
			remoteGlobalIDString = 7A07600C19F3969B009A4E05;
			remoteInfo = Postcard;
		};
/* End PBXContainerItemProxy section */

/* Begin PBXFileReference section */
		7A07600D19F3969B009A4E05 /* Postcard.app */ = {isa = PBXFileReference; explicitFileType = wrapper.application; includeInIndex = 0; path = Postcard.app; sourceTree = BUILT_PRODUCTS_DIR; };
		7A07601119F3969B009A4E05 /* Info.plist */ = {isa = PBXFileReference; lastKnownFileType = text.plist.xml; path = Info.plist; sourceTree = "<group>"; };
		7A07601219F3969B009A4E05 /* AppDelegate.swift */ = {isa = PBXFileReference; lastKnownFileType = sourcecode.swift; path = AppDelegate.swift; sourceTree = "<group>"; };
		7A07601519F3969B009A4E05 /* Postcard.xcdatamodel */ = {isa = PBXFileReference; lastKnownFileType = wrapper.xcdatamodel; path = Postcard.xcdatamodel; sourceTree = "<group>"; };
		7A07601719F3969B009A4E05 /* ViewController.swift */ = {isa = PBXFileReference; lastKnownFileType = sourcecode.swift; path = ViewController.swift; sourceTree = "<group>"; };
		7A07601A19F3969B009A4E05 /* Base */ = {isa = PBXFileReference; lastKnownFileType = file.storyboard; name = Base; path = Base.lproj/Main.storyboard; sourceTree = "<group>"; };
		7A07601C19F3969B009A4E05 /* Images.xcassets */ = {isa = PBXFileReference; lastKnownFileType = folder.assetcatalog; path = Images.xcassets; sourceTree = "<group>"; };
		7A07601F19F3969B009A4E05 /* Base */ = {isa = PBXFileReference; lastKnownFileType = file.xib; name = Base; path = Base.lproj/LaunchScreen.xib; sourceTree = "<group>"; };
		7A07602519F3969B009A4E05 /* PostcardTests.xctest */ = {isa = PBXFileReference; explicitFileType = wrapper.cfbundle; includeInIndex = 0; path = PostcardTests.xctest; sourceTree = BUILT_PRODUCTS_DIR; };
		7A07602A19F3969B009A4E05 /* Info.plist */ = {isa = PBXFileReference; lastKnownFileType = text.plist.xml; path = Info.plist; sourceTree = "<group>"; };
		7A07602B19F3969B009A4E05 /* PostcardTests.swift */ = {isa = PBXFileReference; lastKnownFileType = sourcecode.swift; path = PostcardTests.swift; sourceTree = "<group>"; };
/* End PBXFileReference section */

/* Begin PBXFrameworksBuildPhase section */
		7A07600A19F3969B009A4E05 /* Frameworks */ = {
			isa = PBXFrameworksBuildPhase;
			buildActionMask = 2147483647;
			files = (
			);
			runOnlyForDeploymentPostprocessing = 0;
		};
		7A07602219F3969B009A4E05 /* Frameworks */ = {
			isa = PBXFrameworksBuildPhase;
			buildActionMask = 2147483647;
			files = (
			);
			runOnlyForDeploymentPostprocessing = 0;
		};
/* End PBXFrameworksBuildPhase section */

/* Begin PBXGroup section */
		7A07600419F3969B009A4E05 = {
			isa = PBXGroup;
			children = (
				7A07600F19F3969B009A4E05 /* Postcard */,
				7A07602819F3969B009A4E05 /* PostcardTests */,
				7A07600E19F3969B009A4E05 /* Products */,
			);
			sourceTree = "<group>";
		};
		7A07600E19F3969B009A4E05 /* Products */ = {
			isa = PBXGroup;
			children = (
				7A07600D19F3969B009A4E05 /* Postcard.app */,
				7A07602519F3969B009A4E05 /* PostcardTests.xctest */,
			);
			name = Products;
			sourceTree = "<group>";
		};
		7A07600F19F3969B009A4E05 /* Postcard */ = {
			isa = PBXGroup;
			children = (
				7A07601219F3969B009A4E05 /* AppDelegate.swift */,
				7A07601719F3969B009A4E05 /* ViewController.swift */,
				7A07601919F3969B009A4E05 /* Main.storyboard */,
				7A07601C19F3969B009A4E05 /* Images.xcassets */,
				7A07601E19F3969B009A4E05 /* LaunchScreen.xib */,
				7A07601419F3969B009A4E05 /* Postcard.xcdatamodeld */,
				7A07601019F3969B009A4E05 /* Supporting Files */,
			);
			path = Postcard;
			sourceTree = "<group>";
		};
		7A07601019F3969B009A4E05 /* Supporting Files */ = {
			isa = PBXGroup;
			children = (
				7A07601119F3969B009A4E05 /* Info.plist */,
			);
			name = "Supporting Files";
			sourceTree = "<group>";
		};
		7A07602819F3969B009A4E05 /* PostcardTests */ = {
			isa = PBXGroup;
			children = (
				7A07602B19F3969B009A4E05 /* PostcardTests.swift */,
				7A07602919F3969B009A4E05 /* Supporting Files */,
			);
			path = PostcardTests;
			sourceTree = "<group>";
		};
		7A07602919F3969B009A4E05 /* Supporting Files */ = {
			isa = PBXGroup;
			children = (
				7A07602A19F3969B009A4E05 /* Info.plist */,
			);
			name = "Supporting Files";
			sourceTree = "<group>";
		};
/* End PBXGroup section */

/* Begin PBXNativeTarget section */
		7A07600C19F3969B009A4E05 /* Postcard */ = {
			isa = PBXNativeTarget;
			buildConfigurationList = 7A07602F19F3969B009A4E05 /* Build configuration list for PBXNativeTarget "Postcard" */;
			buildPhases = (
				7A07600919F3969B009A4E05 /* Sources */,
				7A07600A19F3969B009A4E05 /* Frameworks */,
				7A07600B19F3969B009A4E05 /* Resources */,
			);
			buildRules = (
			);
			dependencies = (
			);
			name = Postcard;
			productName = Postcard;
			productReference = 7A07600D19F3969B009A4E05 /* Postcard.app */;
			productType = "com.apple.product-type.application";
		};
		7A07602419F3969B009A4E05 /* PostcardTests */ = {
			isa = PBXNativeTarget;
			buildConfigurationList = 7A07603219F3969B009A4E05 /* Build configuration list for PBXNativeTarget "PostcardTests" */;
			buildPhases = (
				7A07602119F3969B009A4E05 /* Sources */,
				7A07602219F3969B009A4E05 /* Frameworks */,
				7A07602319F3969B009A4E05 /* Resources */,
			);
			buildRules = (
			);
			dependencies = (
				7A07602719F3969B009A4E05 /* PBXTargetDependency */,
			);
			name = PostcardTests;
			productName = PostcardTests;
			productReference = 7A07602519F3969B009A4E05 /* PostcardTests.xctest */;
			productType = "com.apple.product-type.bundle.unit-test";
		};
/* End PBXNativeTarget section */

/* Begin PBXProject section */
		7A07600519F3969B009A4E05 /* Project object */ = {
			isa = PBXProject;
			attributes = {
				LastUpgradeCheck = 0600;
				ORGANIZATIONNAME = edu.seft;
				TargetAttributes = {
					7A07600C19F3969B009A4E05 = {
						CreatedOnToolsVersion = 6.0.1;
					};
					7A07602419F3969B009A4E05 = {
						CreatedOnToolsVersion = 6.0.1;
						TestTargetID = 7A07600C19F3969B009A4E05;
					};
				};
			};
			buildConfigurationList = 7A07600819F3969B009A4E05 /* Build configuration list for PBXProject "Postcard" */;
			compatibilityVersion = "Xcode 3.2";
			developmentRegion = English;
			hasScannedForEncodings = 0;
			knownRegions = (
				en,
				Base,
			);
			mainGroup = 7A07600419F3969B009A4E05;
			productRefGroup = 7A07600E19F3969B009A4E05 /* Products */;
			projectDirPath = "";
			projectRoot = "";
			targets = (
				7A07600C19F3969B009A4E05 /* Postcard */,
				7A07602419F3969B009A4E05 /* PostcardTests */,
			);
		};
/* End PBXProject section */

/* Begin PBXResourcesBuildPhase section */
		7A07600B19F3969B009A4E05 /* Resources */ = {
			isa = PBXResourcesBuildPhase;
			buildActionMask = 2147483647;
			files = (
				7A07601B19F3969B009A4E05 /* Main.storyboard in Resources */,
				7A07602019F3969B009A4E05 /* LaunchScreen.xib in Resources */,
				7A07601D19F3969B009A4E05 /* Images.xcassets in Resources */,
			);
			runOnlyForDeploymentPostprocessing = 0;
		};
		7A07602319F3969B009A4E05 /* Resources */ = {
			isa = PBXResourcesBuildPhase;
			buildActionMask = 2147483647;
			files = (
			);
			runOnlyForDeploymentPostprocessing = 0;
		};
/* End PBXResourcesBuildPhase section */

/* Begin PBXSourcesBuildPhase section */
		7A07600919F3969B009A4E05 /* Sources */ = {
			isa = PBXSourcesBuildPhase;
			buildActionMask = 2147483647;
			files = (
				7A07601819F3969B009A4E05 /* ViewController.swift in Sources */,
				7A07601319F3969B009A4E05 /* AppDelegate.swift in Sources */,
				7A07601619F3969B009A4E05 /* Postcard.xcdatamodeld in Sources */,
			);
			runOnlyForDeploymentPostprocessing = 0;
		};
		7A07602119F3969B009A4E05 /* Sources */ = {
			isa = PBXSourcesBuildPhase;
			buildActionMask = 2147483647;
			files = (
				7A07602C19F3969B009A4E05 /* PostcardTests.swift in Sources */,
			);
			runOnlyForDeploymentPostprocessing = 0;
		};
/* End PBXSourcesBuildPhase section */

/* Begin PBXTargetDependency section */
		7A07602719F3969B009A4E05 /* PBXTargetDependency */ = {
			isa = PBXTargetDependency;
			target = 7A07600C19F3969B009A4E05 /* Postcard */;
			targetProxy = 7A07602619F3969B009A4E05 /* PBXContainerItemProxy */;
		};
/* End PBXTargetDependency section */

/* Begin PBXVariantGroup section */
		7A07601919F3969B009A4E05 /* Main.storyboard */ = {
			isa = PBXVariantGroup;
			children = (
				7A07601A19F3969B009A4E05 /* Base */,
			);
			name = Main.storyboard;
			sourceTree = "<group>";
		};
		7A07601E19F3969B009A4E05 /* LaunchScreen.xib */ = {
			isa = PBXVariantGroup;
			children = (
				7A07601F19F3969B009A4E05 /* Base */,
			);
			name = LaunchScreen.xib;
			sourceTree = "<group>";
		};
/* End PBXVariantGroup section */

/* Begin XCBuildConfiguration section */
		7A07602D19F3969B009A4E05 /* Debug */ = {
			isa = XCBuildConfiguration;
			buildSettings = {
				ALWAYS_SEARCH_USER_PATHS = NO;
				CLANG_CXX_LANGUAGE_STANDARD = "gnu++0x";
				CLANG_CXX_LIBRARY = "libc++";
				CLANG_ENABLE_MODULES = YES;
				CLANG_ENABLE_OBJC_ARC = YES;
				CLANG_WARN_BOOL_CONVERSION = YES;
				CLANG_WARN_CONSTANT_CONVERSION = YES;
				CLANG_WARN_DIRECT_OBJC_ISA_USAGE = YES_ERROR;
				CLANG_WARN_EMPTY_BODY = YES;
				CLANG_WARN_ENUM_CONVERSION = YES;
				CLANG_WARN_INT_CONVERSION = YES;
				CLANG_WARN_OBJC_ROOT_CLASS = YES_ERROR;
				CLANG_WARN_UNREACHABLE_CODE = YES;
				CLANG_WARN__DUPLICATE_METHOD_MATCH = YES;
				"CODE_SIGN_IDENTITY[sdk=iphoneos*]" = "iPhone Developer";
				COPY_PHASE_STRIP = NO;
				ENABLE_STRICT_OBJC_MSGSEND = YES;
				GCC_C_LANGUAGE_STANDARD = gnu99;
				GCC_DYNAMIC_NO_PIC = NO;
				GCC_OPTIMIZATION_LEVEL = 0;
				GCC_PREPROCESSOR_DEFINITIONS = (
					"DEBUG=1",
					"$(inherited)",
				);
				GCC_SYMBOLS_PRIVATE_EXTERN = NO;
				GCC_WARN_64_TO_32_BIT_CONVERSION = YES;
				GCC_WARN_ABOUT_RETURN_TYPE = YES_ERROR;
				GCC_WARN_UNDECLARED_SELECTOR = YES;
				GCC_WARN_UNINITIALIZED_AUTOS = YES_AGGRESSIVE;
				GCC_WARN_UNUSED_FUNCTION = YES;
				GCC_WARN_UNUSED_VARIABLE = YES;
				IPHONEOS_DEPLOYMENT_TARGET = 8.0;
				MTL_ENABLE_DEBUG_INFO = YES;
				ONLY_ACTIVE_ARCH = YES;
				SDKROOT = iphoneos;
				SWIFT_OPTIMIZATION_LEVEL = "-Onone";
				TARGETED_DEVICE_FAMILY = "1,2";
			};
			name = Debug;
		};
		7A07602E19F3969B009A4E05 /* Release */ = {
			isa = XCBuildConfiguration;
			buildSettings = {
				ALWAYS_SEARCH_USER_PATHS = NO;
				CLANG_CXX_LANGUAGE_STANDARD = "gnu++0x";
				CLANG_CXX_LIBRARY = "libc++";
				CLANG_ENABLE_MODULES = YES;
				CLANG_ENABLE_OBJC_ARC = YES;
				CLANG_WARN_BOOL_CONVERSION = YES;
				CLANG_WARN_CONSTANT_CONVERSION = YES;
				CLANG_WARN_DIRECT_OBJC_ISA_USAGE = YES_ERROR;
				CLANG_WARN_EMPTY_BODY = YES;
				CLANG_WARN_ENUM_CONVERSION = YES;
				CLANG_WARN_INT_CONVERSION = YES;
				CLANG_WARN_OBJC_ROOT_CLASS = YES_ERROR;
				CLANG_WARN_UNREACHABLE_CODE = YES;
				CLANG_WARN__DUPLICATE_METHOD_MATCH = YES;
				"CODE_SIGN_IDENTITY[sdk=iphoneos*]" = "iPhone Developer";
				COPY_PHASE_STRIP = YES;
				ENABLE_NS_ASSERTIONS = NO;
				ENABLE_STRICT_OBJC_MSGSEND = YES;
				GCC_C_LANGUAGE_STANDARD = gnu99;
				GCC_WARN_64_TO_32_BIT_CONVERSION = YES;
				GCC_WARN_ABOUT_RETURN_TYPE = YES_ERROR;
				GCC_WARN_UNDECLARED_SELECTOR = YES;
				GCC_WARN_UNINITIALIZED_AUTOS = YES_AGGRESSIVE;
				GCC_WARN_UNUSED_FUNCTION = YES;
				GCC_WARN_UNUSED_VARIABLE = YES;
				IPHONEOS_DEPLOYMENT_TARGET = 8.0;
				MTL_ENABLE_DEBUG_INFO = NO;
				SDKROOT = iphoneos;
				TARGETED_DEVICE_FAMILY = "1,2";
				VALIDATE_PRODUCT = YES;
			};
			name = Release;
		};
		7A07603019F3969B009A4E05 /* Debug */ = {
			isa = XCBuildConfiguration;
			buildSettings = {
				ASSETCATALOG_COMPILER_APPICON_NAME = AppIcon;
				INFOPLIST_FILE = Postcard/Info.plist;
				LD_RUNPATH_SEARCH_PATHS = "$(inherited) @executable_path/Frameworks";
				PRODUCT_NAME = "$(TARGET_NAME)";
			};
			name = Debug;
		};
		7A07603119F3969B009A4E05 /* Release */ = {
			isa = XCBuildConfiguration;
			buildSettings = {
				ASSETCATALOG_COMPILER_APPICON_NAME = AppIcon;
				INFOPLIST_FILE = Postcard/Info.plist;
				LD_RUNPATH_SEARCH_PATHS = "$(inherited) @executable_path/Frameworks";
				PRODUCT_NAME = "$(TARGET_NAME)";
			};
			name = Release;
		};
		7A07603319F3969B009A4E05 /* Debug */ = {
			isa = XCBuildConfiguration;
			buildSettings = {
				BUNDLE_LOADER = "$(TEST_HOST)";
				FRAMEWORK_SEARCH_PATHS = (
					"$(SDKROOT)/Developer/Library/Frameworks",
					"$(inherited)",
				);
				GCC_PREPROCESSOR_DEFINITIONS = (
					"DEBUG=1",
					"$(inherited)",
				);
				INFOPLIST_FILE = PostcardTests/Info.plist;
				LD_RUNPATH_SEARCH_PATHS = "$(inherited) @executable_path/Frameworks @loader_path/Frameworks";
				PRODUCT_NAME = "$(TARGET_NAME)";
				TEST_HOST = "$(BUILT_PRODUCTS_DIR)/Postcard.app/Postcard";
			};
			name = Debug;
		};
		7A07603419F3969B009A4E05 /* Release */ = {
			isa = XCBuildConfiguration;
			buildSettings = {
				BUNDLE_LOADER = "$(TEST_HOST)";
				FRAMEWORK_SEARCH_PATHS = (
					"$(SDKROOT)/Developer/Library/Frameworks",
					"$(inherited)",
				);
				INFOPLIST_FILE = PostcardTests/Info.plist;
				LD_RUNPATH_SEARCH_PATHS = "$(inherited) @executable_path/Frameworks @loader_path/Frameworks";
				PRODUCT_NAME = "$(TARGET_NAME)";
				TEST_HOST = "$(BUILT_PRODUCTS_DIR)/Postcard.app/Postcard";
			};
			name = Release;
		};
/* End XCBuildConfiguration section */

/* Begin XCConfigurationList section */
		7A07600819F3969B009A4E05 /* Build configuration list for PBXProject "Postcard" */ = {
			isa = XCConfigurationList;
			buildConfigurations = (
				7A07602D19F3969B009A4E05 /* Debug */,
				7A07602E19F3969B009A4E05 /* Release */,
			);
			defaultConfigurationIsVisible = 0;
			defaultConfigurationName = Release;
		};
		7A07602F19F3969B009A4E05 /* Build configuration list for PBXNativeTarget "Postcard" */ = {
			isa = XCConfigurationList;
			buildConfigurations = (
				7A07603019F3969B009A4E05 /* Debug */,
				7A07603119F3969B009A4E05 /* Release */,
			);
			defaultConfigurationIsVisible = 0;
		};
		7A07603219F3969B009A4E05 /* Build configuration list for PBXNativeTarget "PostcardTests" */ = {
			isa = XCConfigurationList;
			buildConfigurations = (
				7A07603319F3969B009A4E05 /* Debug */,
				7A07603419F3969B009A4E05 /* Release */,
			);
			defaultConfigurationIsVisible = 0;
		};
/* End XCConfigurationList section */

/* Begin XCVersionGroup section */
		7A07601419F3969B009A4E05 /* Postcard.xcdatamodeld */ = {
			isa = XCVersionGroup;
			children = (
				7A07601519F3969B009A4E05 /* Postcard.xcdatamodel */,
			);
			currentVersion = 7A07601519F3969B009A4E05 /* Postcard.xcdatamodel */;
			path = Postcard.xcdatamodeld;
			sourceTree = "<group>";
			versionGroupType = wrapper.xcdatamodel;
		};
/* End XCVersionGroup section */
	};
	rootObject = 7A07600519F3969B009A4E05 /* Project object */;
}
